
Microsoft Visual Studio Solution File, Format Version 12.00
# Visual Studio 14
VisualStudioVersion = 14.0.25420.1
MinimumVisualStudioVersion = 10.0.40219.1
Project("{FAE04EC0-301F-11D3-BF4B-00C04F79EFBC}") = "DevCMetier", "DevCMetier\DevCMetier.csproj", "{AC52BAC1-9B68-40EA-9568-79022C4D1DD4}"
EndProject
Project("{FAE04EC0-301F-11D3-BF4B-00C04F79EFBC}") = "DevCBL", "DevCBL\DevCBL.csproj", "{F0D717D4-EBBB-4235-9D31-D0608195FE77}"
EndProject
Project("{FAE04EC0-301F-11D3-BF4B-00C04F79EFBC}") = "DevCDAO", "DevCDAO\DevCDAO.csproj", "{444A4CC6-E090-45CD-A154-632200082968}"
EndProject
Project("{FAE04EC0-301F-11D3-BF4B-00C04F79EFBC}") = "DevWinForms", "DevWinForms\DevWinForms.csproj", "{1427EEEC-994E-404D-B55D-95E848071E23}"
EndProject
Project("{FAE04EC0-301F-11D3-BF4B-00C04F79EFBC}") = "DevCServiceREST", "DevCServiceREST\DevCServiceREST.csproj", "{79F0C681-C076-4838-A074-AFFC417505A1}"
EndProject
Project("{FAE04EC0-301F-11D3-BF4B-00C04F79EFBC}") = "DevCWinPhone", "DevCWinPhone\DevCWinPhone.csproj", "{6F13C6D0-6689-45DD-8C93-D6581EAA3236}"
EndProject
Project("{FAE04EC0-301F-11D3-BF4B-00C04F79EFBC}") = "ConsumeWebService", "ConsumeWebService\ConsumeWebService.csproj", "{21F03397-53B6-43F4-9C71-009214A2A717}"
EndProject
Global
	GlobalSection(SolutionConfigurationPlatforms) = preSolution
		Debug|Any CPU = Debug|Any CPU
		Debug|ARM = Debug|ARM
		Debug|x86 = Debug|x86
		Release|Any CPU = Release|Any CPU
		Release|ARM = Release|ARM
		Release|x86 = Release|x86
	EndGlobalSection
	GlobalSection(ProjectConfigurationPlatforms) = postSolution
		{AC52BAC1-9B68-40EA-9568-79022C4D1DD4}.Debug|Any CPU.ActiveCfg = Debug|Any CPU
		{AC52BAC1-9B68-40EA-9568-79022C4D1DD4}.Debug|Any CPU.Build.0 = Debug|Any CPU
		{AC52BAC1-9B68-40EA-9568-79022C4D1DD4}.Debug|ARM.ActiveCfg = Debug|Any CPU
		{AC52BAC1-9B68-40EA-9568-79022C4D1DD4}.Debug|ARM.Build.0 = Debug|Any CPU
		{AC52BAC1-9B68-40EA-9568-79022C4D1DD4}.Debug|x86.ActiveCfg = Debug|Any CPU
		{AC52BAC1-9B68-40EA-9568-79022C4D1DD4}.Debug|x86.Build.0 = Debug|Any CPU
		{AC52BAC1-9B68-40EA-9568-79022C4D1DD4}.Release|Any CPU.ActiveCfg = Release|Any CPU
		{AC52BAC1-9B68-40EA-9568-79022C4D1DD4}.Release|Any CPU.Build.0 = Release|Any CPU
		{AC52BAC1-9B68-40EA-9568-79022C4D1DD4}.Release|ARM.ActiveCfg = Release|Any CPU
		{AC52BAC1-9B68-40EA-9568-79022C4D1DD4}.Release|ARM.Build.0 = Release|Any CPU
		{AC52BAC1-9B68-40EA-9568-79022C4D1DD4}.Release|x86.ActiveCfg = Release|Any CPU
		{AC52BAC1-9B68-40EA-9568-79022C4D1DD4}.Release|x86.Build.0 = Release|Any CPU
		{F0D717D4-EBBB-4235-9D31-D0608195FE77}.Debug|Any CPU.ActiveCfg = Debug|Any CPU
		{F0D717D4-EBBB-4235-9D31-D0608195FE77}.Debug|Any CPU.Build.0 = Debug|Any CPU
		{F0D717D4-EBBB-4235-9D31-D0608195FE77}.Debug|ARM.ActiveCfg = Debug|Any CPU
		{F0D717D4-EBBB-4235-9D31-D0608195FE77}.Debug|ARM.Build.0 = Debug|Any CPU
		{F0D717D4-EBBB-4235-9D31-D0608195FE77}.Debug|x86.ActiveCfg = Debug|Any CPU
		{F0D717D4-EBBB-4235-9D31-D0608195FE77}.Debug|x86.Build.0 = Debug|Any CPU
		{F0D717D4-EBBB-4235-9D31-D0608195FE77}.Release|Any CPU.ActiveCfg = Release|Any CPU
		{F0D717D4-EBBB-4235-9D31-D0608195FE77}.Release|Any CPU.Build.0 = Release|Any CPU
		{F0D717D4-EBBB-4235-9D31-D0608195FE77}.Release|ARM.ActiveCfg = Release|Any CPU
		{F0D717D4-EBBB-4235-9D31-D0608195FE77}.Release|ARM.Build.0 = Release|Any CPU
		{F0D717D4-EBBB-4235-9D31-D0608195FE77}.Release|x86.ActiveCfg = Release|Any CPU
		{F0D717D4-EBBB-4235-9D31-D0608195FE77}.Release|x86.Build.0 = Release|Any CPU
		{444A4CC6-E090-45CD-A154-632200082968}.Debug|Any CPU.ActiveCfg = Debug|Any CPU
		{444A4CC6-E090-45CD-A154-632200082968}.Debug|Any CPU.Build.0 = Debug|Any CPU
		{444A4CC6-E090-45CD-A154-632200082968}.Debug|ARM.ActiveCfg = Debug|Any CPU
		{444A4CC6-E090-45CD-A154-632200082968}.Debug|ARM.Build.0 = Debug|Any CPU
		{444A4CC6-E090-45CD-A154-632200082968}.Debug|x86.ActiveCfg = Debug|Any CPU
		{444A4CC6-E090-45CD-A154-632200082968}.Debug|x86.Build.0 = Debug|Any CPU
		{444A4CC6-E090-45CD-A154-632200082968}.Release|Any CPU.ActiveCfg = Release|Any CPU
		{444A4CC6-E090-45CD-A154-632200082968}.Release|Any CPU.Build.0 = Release|Any CPU
		{444A4CC6-E090-45CD-A154-632200082968}.Release|ARM.ActiveCfg = Release|Any CPU
		{444A4CC6-E090-45CD-A154-632200082968}.Release|ARM.Build.0 = Release|Any CPU
		{444A4CC6-E090-45CD-A154-632200082968}.Release|x86.ActiveCfg = Release|Any CPU
		{444A4CC6-E090-45CD-A154-632200082968}.Release|x86.Build.0 = Release|Any CPU
		{1427EEEC-994E-404D-B55D-95E848071E23}.Debug|Any CPU.ActiveCfg = Debug|Any CPU
		{1427EEEC-994E-404D-B55D-95E848071E23}.Debug|Any CPU.Build.0 = Debug|Any CPU
		{1427EEEC-994E-404D-B55D-95E848071E23}.Debug|ARM.ActiveCfg = Debug|Any CPU
		{1427EEEC-994E-404D-B55D-95E848071E23}.Debug|ARM.Build.0 = Debug|Any CPU
		{1427EEEC-994E-404D-B55D-95E848071E23}.Debug|x86.ActiveCfg = Debug|Any CPU
		{1427EEEC-994E-404D-B55D-95E848071E23}.Debug|x86.Build.0 = Debug|Any CPU
		{1427EEEC-994E-404D-B55D-95E848071E23}.Release|Any CPU.ActiveCfg = Release|Any CPU
		{1427EEEC-994E-404D-B55D-95E848071E23}.Release|Any CPU.Build.0 = Release|Any CPU
		{1427EEEC-994E-404D-B55D-95E848071E23}.Release|ARM.ActiveCfg = Release|Any CPU
		{1427EEEC-994E-404D-B55D-95E848071E23}.Release|ARM.Build.0 = Release|Any CPU
		{1427EEEC-994E-404D-B55D-95E848071E23}.Release|x86.ActiveCfg = Release|Any CPU
		{1427EEEC-994E-404D-B55D-95E848071E23}.Release|x86.Build.0 = Release|Any CPU
		{79F0C681-C076-4838-A074-AFFC417505A1}.Debug|Any CPU.ActiveCfg = Debug|Any CPU
		{79F0C681-C076-4838-A074-AFFC417505A1}.Debug|Any CPU.Build.0 = Debug|Any CPU
		{79F0C681-C076-4838-A074-AFFC417505A1}.Debug|ARM.ActiveCfg = Debug|Any CPU
		{79F0C681-C076-4838-A074-AFFC417505A1}.Debug|ARM.Build.0 = Debug|Any CPU
		{79F0C681-C076-4838-A074-AFFC417505A1}.Debug|x86.ActiveCfg = Debug|Any CPU
		{79F0C681-C076-4838-A074-AFFC417505A1}.Debug|x86.Build.0 = Debug|Any CPU
		{79F0C681-C076-4838-A074-AFFC417505A1}.Release|Any CPU.ActiveCfg = Release|Any CPU
		{79F0C681-C076-4838-A074-AFFC417505A1}.Release|Any CPU.Build.0 = Release|Any CPU
		{79F0C681-C076-4838-A074-AFFC417505A1}.Release|ARM.ActiveCfg = Release|Any CPU
		{79F0C681-C076-4838-A074-AFFC417505A1}.Release|ARM.Build.0 = Release|Any CPU
		{79F0C681-C076-4838-A074-AFFC417505A1}.Release|x86.ActiveCfg = Release|Any CPU
		{79F0C681-C076-4838-A074-AFFC417505A1}.Release|x86.Build.0 = Release|Any CPU
		{6F13C6D0-6689-45DD-8C93-D6581EAA3236}.Debug|Any CPU.ActiveCfg = Debug|Any CPU
		{6F13C6D0-6689-45DD-8C93-D6581EAA3236}.Debug|Any CPU.Build.0 = Debug|Any CPU
		{6F13C6D0-6689-45DD-8C93-D6581EAA3236}.Debug|Any CPU.Deploy.0 = Debug|Any CPU
		{6F13C6D0-6689-45DD-8C93-D6581EAA3236}.Debug|ARM.ActiveCfg = Debug|ARM
		{6F13C6D0-6689-45DD-8C93-D6581EAA3236}.Debug|ARM.Build.0 = Debug|ARM
		{6F13C6D0-6689-45DD-8C93-D6581EAA3236}.Debug|ARM.Deploy.0 = Debug|ARM
		{6F13C6D0-6689-45DD-8C93-D6581EAA3236}.Debug|x86.ActiveCfg = Debug|x86
		{6F13C6D0-6689-45DD-8C93-D6581EAA3236}.Debug|x86.Build.0 = Debug|x86
		{6F13C6D0-6689-45DD-8C93-D6581EAA3236}.Debug|x86.Deploy.0 = Debug|x86
		{6F13C6D0-6689-45DD-8C93-D6581EAA3236}.Release|Any CPU.ActiveCfg = Release|Any CPU
		{6F13C6D0-6689-45DD-8C93-D6581EAA3236}.Release|Any CPU.Build.0 = Release|Any CPU
		{6F13C6D0-6689-45DD-8C93-D6581EAA3236}.Release|Any CPU.Deploy.0 = Release|Any CPU
		{6F13C6D0-6689-45DD-8C93-D6581EAA3236}.Release|ARM.ActiveCfg = Release|ARM
		{6F13C6D0-6689-45DD-8C93-D6581EAA3236}.Release|ARM.Build.0 = Release|ARM
		{6F13C6D0-6689-45DD-8C93-D6581EAA3236}.Release|ARM.Deploy.0 = Release|ARM
		{6F13C6D0-6689-45DD-8C93-D6581EAA3236}.Release|x86.ActiveCfg = Release|x86
		{6F13C6D0-6689-45DD-8C93-D6581EAA3236}.Release|x86.Build.0 = Release|x86
		{6F13C6D0-6689-45DD-8C93-D6581EAA3236}.Release|x86.Deploy.0 = Release|x86
		{21F03397-53B6-43F4-9C71-009214A2A717}.Debug|Any CPU.ActiveCfg = Debug|Any CPU
		{21F03397-53B6-43F4-9C71-009214A2A717}.Debug|Any CPU.Build.0 = Debug|Any CPU
		{21F03397-53B6-43F4-9C71-009214A2A717}.Debug|ARM.ActiveCfg = Debug|Any CPU
		{21F03397-53B6-43F4-9C71-009214A2A717}.Debug|ARM.Build.0 = Debug|Any CPU
		{21F03397-53B6-43F4-9C71-009214A2A717}.Debug|x86.ActiveCfg = Debug|Any CPU
		{21F03397-53B6-43F4-9C71-009214A2A717}.Debug|x86.Build.0 = Debug|Any CPU
		{21F03397-53B6-43F4-9C71-009214A2A717}.Release|Any CPU.ActiveCfg = Release|Any CPU
		{21F03397-53B6-43F4-9C71-009214A2A717}.Release|Any CPU.Build.0 = Release|Any CPU
		{21F03397-53B6-43F4-9C71-009214A2A717}.Release|ARM.ActiveCfg = Release|Any CPU
		{21F03397-53B6-43F4-9C71-009214A2A717}.Release|ARM.Build.0 = Release|Any CPU
		{21F03397-53B6-43F4-9C71-009214A2A717}.Release|x86.ActiveCfg = Release|Any CPU
		{21F03397-53B6-43F4-9C71-009214A2A717}.Release|x86.Build.0 = Release|Any CPU
	EndGlobalSection
	GlobalSection(SolutionProperties) = preSolution
		HideSolutionNode = FALSE
	EndGlobalSection
EndGlobal
