
Microsoft Visual Studio Solution File, Format Version 12.00
# Visual Studio 14
VisualStudioVersion = 14.0.25420.1
MinimumVisualStudioVersion = 10.0.40219.1
Project("{FAE04EC0-301F-11D3-BF4B-00C04F79EFBC}") = "DevCMetier", "DevCMetier\DevCMetier.csproj", "{AC52BAC1-9B68-40EA-9568-79022C4D1DD4}"
EndProject
Project("{FAE04EC0-301F-11D3-BF4B-00C04F79EFBC}") = "DevCBL", "DevCBL\DevCBL.csproj", "{F0D717D4-EBBB-4235-9D31-D0608195FE77}"
EndProject
Project("{FAE04EC0-301F-11D3-BF4B-00C04F79EFBC}") = "DevCDAO", "DevCDAO\DevCDAO.csproj", "{444A4CC6-E090-45CD-A154-632200082968}"
EndProject
Project("{FAE04EC0-301F-11D3-BF4B-00C04F79EFBC}") = "DevWinForms", "DevWinForms\DevWinForms.csproj", "{1427EEEC-994E-404D-B55D-95E848071E23}"
EndProject
Global
	GlobalSection(SolutionConfigurationPlatforms) = preSolution
		Debug|Any CPU = Debug|Any CPU
		Release|Any CPU = Release|Any CPU
	EndGlobalSection
	GlobalSection(ProjectConfigurationPlatforms) = postSolution
		{AC52BAC1-9B68-40EA-9568-79022C4D1DD4}.Debug|Any CPU.ActiveCfg = Debug|Any CPU
		{AC52BAC1-9B68-40EA-9568-79022C4D1DD4}.Debug|Any CPU.Build.0 = Debug|Any CPU
		{AC52BAC1-9B68-40EA-9568-79022C4D1DD4}.Release|Any CPU.ActiveCfg = Release|Any CPU
		{AC52BAC1-9B68-40EA-9568-79022C4D1DD4}.Release|Any CPU.Build.0 = Release|Any CPU
		{F0D717D4-EBBB-4235-9D31-D0608195FE77}.Debug|Any CPU.ActiveCfg = Debug|Any CPU
		{F0D717D4-EBBB-4235-9D31-D0608195FE77}.Debug|Any CPU.Build.0 = Debug|Any CPU
		{F0D717D4-EBBB-4235-9D31-D0608195FE77}.Release|Any CPU.ActiveCfg = Release|Any CPU
		{F0D717D4-EBBB-4235-9D31-D0608195FE77}.Release|Any CPU.Build.0 = Release|Any CPU
		{444A4CC6-E090-45CD-A154-632200082968}.Debug|Any CPU.ActiveCfg = Debug|Any CPU
		{444A4CC6-E090-45CD-A154-632200082968}.Debug|Any CPU.Build.0 = Debug|Any CPU
		{444A4CC6-E090-45CD-A154-632200082968}.Release|Any CPU.ActiveCfg = Release|Any CPU
		{444A4CC6-E090-45CD-A154-632200082968}.Release|Any CPU.Build.0 = Release|Any CPU
		{1427EEEC-994E-404D-B55D-95E848071E23}.Debug|Any CPU.ActiveCfg = Debug|Any CPU
		{1427EEEC-994E-404D-B55D-95E848071E23}.Debug|Any CPU.Build.0 = Debug|Any CPU
		{1427EEEC-994E-404D-B55D-95E848071E23}.Release|Any CPU.ActiveCfg = Release|Any CPU
		{1427EEEC-994E-404D-B55D-95E848071E23}.Release|Any CPU.Build.0 = Release|Any CPU
	EndGlobalSection
	GlobalSection(SolutionProperties) = preSolution
		HideSolutionNode = FALSE
	EndGlobalSection
EndGlobal
